
Microsoft Visual Studio Solution File, Format Version 12.00
# Visual Studio Version 16
VisualStudioVersion = 16.0.30114.105
MinimumVisualStudioVersion = 10.0.40219.1
Project("{FAE04EC0-301F-11D3-BF4B-00C04F79EFBC}") = "Desafio1", "Desafio1\Desafio1.csproj", "{DB13A650-FA1F-416E-B009-DAE2B4AFF770}"
EndProject
Project("{FAE04EC0-301F-11D3-BF4B-00C04F79EFBC}") = "Desafio2", "Desafio2\Desafio2.csproj", "{07CCA1C2-7090-4F26-83B7-85328F7187B7}"
EndProject
Project("{FAE04EC0-301F-11D3-BF4B-00C04F79EFBC}") = "Desafio3", "Desafio3\Desafio3.csproj", "{B4FAD440-0F2F-4998-B461-736A50EDD41F}"
EndProject
Project("{FAE04EC0-301F-11D3-BF4B-00C04F79EFBC}") = "Desafio4", "Desafio4\Desafio4.csproj", "{CEA51B4B-A235-485F-942B-E10AB77F49E3}"
EndProject
Global
	GlobalSection(SolutionConfigurationPlatforms) = preSolution
		Debug|Any CPU = Debug|Any CPU
		Release|Any CPU = Release|Any CPU
	EndGlobalSection
	GlobalSection(SolutionProperties) = preSolution
		HideSolutionNode = FALSE
	EndGlobalSection
	GlobalSection(ProjectConfigurationPlatforms) = postSolution
		{DB13A650-FA1F-416E-B009-DAE2B4AFF770}.Debug|Any CPU.ActiveCfg = Debug|Any CPU
		{DB13A650-FA1F-416E-B009-DAE2B4AFF770}.Debug|Any CPU.Build.0 = Debug|Any CPU
		{DB13A650-FA1F-416E-B009-DAE2B4AFF770}.Release|Any CPU.ActiveCfg = Release|Any CPU
		{DB13A650-FA1F-416E-B009-DAE2B4AFF770}.Release|Any CPU.Build.0 = Release|Any CPU
		{07CCA1C2-7090-4F26-83B7-85328F7187B7}.Debug|Any CPU.ActiveCfg = Debug|Any CPU
		{07CCA1C2-7090-4F26-83B7-85328F7187B7}.Debug|Any CPU.Build.0 = Debug|Any CPU
		{07CCA1C2-7090-4F26-83B7-85328F7187B7}.Release|Any CPU.ActiveCfg = Release|Any CPU
		{07CCA1C2-7090-4F26-83B7-85328F7187B7}.Release|Any CPU.Build.0 = Release|Any CPU
		{B4FAD440-0F2F-4998-B461-736A50EDD41F}.Debug|Any CPU.ActiveCfg = Debug|Any CPU
		{B4FAD440-0F2F-4998-B461-736A50EDD41F}.Debug|Any CPU.Build.0 = Debug|Any CPU
		{B4FAD440-0F2F-4998-B461-736A50EDD41F}.Release|Any CPU.ActiveCfg = Release|Any CPU
		{B4FAD440-0F2F-4998-B461-736A50EDD41F}.Release|Any CPU.Build.0 = Release|Any CPU
		{CEA51B4B-A235-485F-942B-E10AB77F49E3}.Debug|Any CPU.ActiveCfg = Debug|Any CPU
		{CEA51B4B-A235-485F-942B-E10AB77F49E3}.Debug|Any CPU.Build.0 = Debug|Any CPU
		{CEA51B4B-A235-485F-942B-E10AB77F49E3}.Release|Any CPU.ActiveCfg = Release|Any CPU
		{CEA51B4B-A235-485F-942B-E10AB77F49E3}.Release|Any CPU.Build.0 = Release|Any CPU
	EndGlobalSection
EndGlobal
